
Microsoft Visual Studio Solution File, Format Version 12.00
# Visual Studio 15
VisualStudioVersion = 15.0.28307.572
MinimumVisualStudioVersion = 10.0.40219.1
Project("{FAE04EC0-301F-11D3-BF4B-00C04F79EFBC}") = "SearchApp", "SearchApp\SearchApp.csproj", "{F375B66D-A876-4106-8E9F-E31A6518B672}"
EndProject
Project("{FAE04EC0-301F-11D3-BF4B-00C04F79EFBC}") = "SearchApp.Tests", "SearchApp.Tests\SearchApp.Tests.csproj", "{691B5A06-6BC0-4992-A3CF-558665101A79}"
EndProject
Global
	GlobalSection(SolutionConfigurationPlatforms) = preSolution
		Debug|Any CPU = Debug|Any CPU
		Release|Any CPU = Release|Any CPU
	EndGlobalSection
	GlobalSection(ProjectConfigurationPlatforms) = postSolution
		{F375B66D-A876-4106-8E9F-E31A6518B672}.Debug|Any CPU.ActiveCfg = Debug|Any CPU
		{F375B66D-A876-4106-8E9F-E31A6518B672}.Debug|Any CPU.Build.0 = Debug|Any CPU
		{F375B66D-A876-4106-8E9F-E31A6518B672}.Release|Any CPU.ActiveCfg = Release|Any CPU
		{F375B66D-A876-4106-8E9F-E31A6518B672}.Release|Any CPU.Build.0 = Release|Any CPU
		{691B5A06-6BC0-4992-A3CF-558665101A79}.Debug|Any CPU.ActiveCfg = Debug|Any CPU
		{691B5A06-6BC0-4992-A3CF-558665101A79}.Debug|Any CPU.Build.0 = Debug|Any CPU
		{691B5A06-6BC0-4992-A3CF-558665101A79}.Release|Any CPU.ActiveCfg = Release|Any CPU
		{691B5A06-6BC0-4992-A3CF-558665101A79}.Release|Any CPU.Build.0 = Release|Any CPU
	EndGlobalSection
	GlobalSection(SolutionProperties) = preSolution
		HideSolutionNode = FALSE
	EndGlobalSection
	GlobalSection(ExtensibilityGlobals) = postSolution
		SolutionGuid = {B498851B-54E6-43E9-8253-57F1E1089D21}
	EndGlobalSection
EndGlobal
